
Microsoft Visual Studio Solution File, Format Version 12.00
# Visual Studio 15
VisualStudioVersion = 15.0.28307.168
MinimumVisualStudioVersion = 10.0.40219.1
Project("{FAE04EC0-301F-11D3-BF4B-00C04F79EFBC}") = "WhatsAppBot", "WhatsAppBot\WhatsAppBot.csproj", "{B16DF435-3C49-4B69-BA41-15C06A5BB9DF}"
EndProject
Global
	GlobalSection(SolutionConfigurationPlatforms) = preSolution
		Debug|Any CPU = Debug|Any CPU
		Release|Any CPU = Release|Any CPU
	EndGlobalSection
	GlobalSection(ProjectConfigurationPlatforms) = postSolution
		{B16DF435-3C49-4B69-BA41-15C06A5BB9DF}.Debug|Any CPU.ActiveCfg = Debug|Any CPU
		{B16DF435-3C49-4B69-BA41-15C06A5BB9DF}.Debug|Any CPU.Build.0 = Debug|Any CPU
		{B16DF435-3C49-4B69-BA41-15C06A5BB9DF}.Release|Any CPU.ActiveCfg = Release|Any CPU
		{B16DF435-3C49-4B69-BA41-15C06A5BB9DF}.Release|Any CPU.Build.0 = Release|Any CPU
	EndGlobalSection
	GlobalSection(SolutionProperties) = preSolution
		HideSolutionNode = FALSE
	EndGlobalSection
	GlobalSection(ExtensibilityGlobals) = postSolution
		SolutionGuid = {4E6B3010-10E2-4D8B-98FF-0F82874FBF74}
	EndGlobalSection
EndGlobal
